
Microsoft Visual Studio Solution File, Format Version 12.00
# Visual Studio 15
Project("{FAE04EC0-301F-11D3-BF4B-00C04F79EFBC}") = "Assembly-CSharp", "Assembly-CSharp.csproj", "{1202A1FB-9527-1E67-F404-4CB0D0FFA917}"
EndProject
Project("{FAE04EC0-301F-11D3-BF4B-00C04F79EFBC}") = "TTLitJson", "TTLitJson.csproj", "{667A02A8-90EB-1EDB-7935-8A935A97A0B0}"
EndProject
Project("{FAE04EC0-301F-11D3-BF4B-00C04F79EFBC}") = "TTWebGL", "TTWebGL.csproj", "{CEB872AB-5C7C-3B31-19CD-467C62DD5AC4}"
EndProject
Project("{FAE04EC0-301F-11D3-BF4B-00C04F79EFBC}") = "com.bytedance.ttsdk-editor", "com.bytedance.ttsdk-editor.csproj", "{B1CEEDEE-27E9-4AD4-31F7-F3B0DEAEEE87}"
EndProject
Project("{FAE04EC0-301F-11D3-BF4B-00C04F79EFBC}") = "com.bytedance.ttsdk.ref", "com.bytedance.ttsdk.ref.csproj", "{309715BF-418A-B888-334E-5FA23CBF3197}"
EndProject
Project("{FAE04EC0-301F-11D3-BF4B-00C04F79EFBC}") = "Assembly-CSharp-Editor", "Assembly-CSharp-Editor.csproj", "{BA3A38AC-CEAA-19CD-89B9-9234330A181F}"
EndProject
Global
	GlobalSection(SolutionConfigurationPlatforms) = preSolution
		Debug|Any CPU = Debug|Any CPU
		Release|Any CPU = Release|Any CPU
	EndGlobalSection
	GlobalSection(ProjectConfigurationPlatforms) = postSolution
		{1202A1FB-9527-1E67-F404-4CB0D0FFA917}.Debug|Any CPU.ActiveCfg = Debug|Any CPU
		{1202A1FB-9527-1E67-F404-4CB0D0FFA917}.Debug|Any CPU.Build.0 = Debug|Any CPU
		{1202A1FB-9527-1E67-F404-4CB0D0FFA917}.Release|Any CPU.ActiveCfg = Release|Any CPU
		{1202A1FB-9527-1E67-F404-4CB0D0FFA917}.Release|Any CPU.Build.0 = Release|Any CPU
		{667A02A8-90EB-1EDB-7935-8A935A97A0B0}.Debug|Any CPU.ActiveCfg = Debug|Any CPU
		{667A02A8-90EB-1EDB-7935-8A935A97A0B0}.Debug|Any CPU.Build.0 = Debug|Any CPU
		{667A02A8-90EB-1EDB-7935-8A935A97A0B0}.Release|Any CPU.ActiveCfg = Release|Any CPU
		{667A02A8-90EB-1EDB-7935-8A935A97A0B0}.Release|Any CPU.Build.0 = Release|Any CPU
		{CEB872AB-5C7C-3B31-19CD-467C62DD5AC4}.Debug|Any CPU.ActiveCfg = Debug|Any CPU
		{CEB872AB-5C7C-3B31-19CD-467C62DD5AC4}.Debug|Any CPU.Build.0 = Debug|Any CPU
		{CEB872AB-5C7C-3B31-19CD-467C62DD5AC4}.Release|Any CPU.ActiveCfg = Release|Any CPU
		{CEB872AB-5C7C-3B31-19CD-467C62DD5AC4}.Release|Any CPU.Build.0 = Release|Any CPU
		{B1CEEDEE-27E9-4AD4-31F7-F3B0DEAEEE87}.Debug|Any CPU.ActiveCfg = Debug|Any CPU
		{B1CEEDEE-27E9-4AD4-31F7-F3B0DEAEEE87}.Debug|Any CPU.Build.0 = Debug|Any CPU
		{B1CEEDEE-27E9-4AD4-31F7-F3B0DEAEEE87}.Release|Any CPU.ActiveCfg = Release|Any CPU
		{B1CEEDEE-27E9-4AD4-31F7-F3B0DEAEEE87}.Release|Any CPU.Build.0 = Release|Any CPU
		{309715BF-418A-B888-334E-5FA23CBF3197}.Debug|Any CPU.ActiveCfg = Debug|Any CPU
		{309715BF-418A-B888-334E-5FA23CBF3197}.Debug|Any CPU.Build.0 = Debug|Any CPU
		{309715BF-418A-B888-334E-5FA23CBF3197}.Release|Any CPU.ActiveCfg = Release|Any CPU
		{309715BF-418A-B888-334E-5FA23CBF3197}.Release|Any CPU.Build.0 = Release|Any CPU
		{BA3A38AC-CEAA-19CD-89B9-9234330A181F}.Debug|Any CPU.ActiveCfg = Debug|Any CPU
		{BA3A38AC-CEAA-19CD-89B9-9234330A181F}.Debug|Any CPU.Build.0 = Debug|Any CPU
		{BA3A38AC-CEAA-19CD-89B9-9234330A181F}.Release|Any CPU.ActiveCfg = Release|Any CPU
		{BA3A38AC-CEAA-19CD-89B9-9234330A181F}.Release|Any CPU.Build.0 = Release|Any CPU
	EndGlobalSection
	GlobalSection(SolutionProperties) = preSolution
		HideSolutionNode = FALSE
	EndGlobalSection
EndGlobal
